
Microsoft Visual Studio Solution File, Format Version 12.00
# Visual Studio Version 17
VisualStudioVersion = 17.13.35825.156 d17.13
MinimumVisualStudioVersion = 10.0.40219.1
Project("{FAE04EC0-301F-11D3-BF4B-00C04F79EFBC}") = "ClassificacaoDeTriangulos.ConsoleApp", "ClassificacaoDeTriangulos.ConsoleApp\ClassificacaoDeTriangulos.ConsoleApp.csproj", "{57D6FEF4-4AE4-4AFB-ABA5-7782F1F5C040}"
EndProject
Global
	GlobalSection(SolutionConfigurationPlatforms) = preSolution
		Debug|Any CPU = Debug|Any CPU
		Release|Any CPU = Release|Any CPU
	EndGlobalSection
	GlobalSection(ProjectConfigurationPlatforms) = postSolution
		{57D6FEF4-4AE4-4AFB-ABA5-7782F1F5C040}.Debug|Any CPU.ActiveCfg = Debug|Any CPU
		{57D6FEF4-4AE4-4AFB-ABA5-7782F1F5C040}.Debug|Any CPU.Build.0 = Debug|Any CPU
		{57D6FEF4-4AE4-4AFB-ABA5-7782F1F5C040}.Release|Any CPU.ActiveCfg = Release|Any CPU
		{57D6FEF4-4AE4-4AFB-ABA5-7782F1F5C040}.Release|Any CPU.Build.0 = Release|Any CPU
	EndGlobalSection
	GlobalSection(SolutionProperties) = preSolution
		HideSolutionNode = FALSE
	EndGlobalSection
	GlobalSection(ExtensibilityGlobals) = postSolution
		SolutionGuid = {A01ADF5E-33E4-432E-A46E-A7854ED8040C}
	EndGlobalSection
EndGlobal
